
Microsoft Visual Studio Solution File, Format Version 12.00
# Visual Studio Version 17
VisualStudioVersion = 17.14.36518.9
MinimumVisualStudioVersion = 10.0.40219.1
Project("{FAE04EC0-301F-11D3-BF4B-00C04F79EFBC}") = "AssetTag", "AssetTag\AssetTag.csproj", "{EB7ACD87-2A6F-4352-81D4-A3D0666DF7D7}"
EndProject
Project("{FAE04EC0-301F-11D3-BF4B-00C04F79EFBC}") = "Portal", "Portal\Portal.csproj", "{89B1CAA6-329B-41C5-B846-F941D0BFA002}"
EndProject
Project("{FAE04EC0-301F-11D3-BF4B-00C04F79EFBC}") = "Shared", "Shared\Shared.csproj", "{2B3A7CB5-C0BA-48C7-BB64-9621F1D4E0A6}"
EndProject
Project("{FAE04EC0-301F-11D3-BF4B-00C04F79EFBC}") = "MobileApp", "MobileApp\MobileApp.csproj", "{45F054C3-DF3A-46B1-A009-9BE4BC50AEFD}"
EndProject
Project("{FAE04EC0-301F-11D3-BF4B-00C04F79EFBC}") = "MobileData", "MobileData\MobileData.csproj", "{F81383B5-069F-41A7-9BA6-0B461D0026C4}"
EndProject
Global
	GlobalSection(SolutionConfigurationPlatforms) = preSolution
		Debug|Any CPU = Debug|Any CPU
		Release|Any CPU = Release|Any CPU
	EndGlobalSection
	GlobalSection(ProjectConfigurationPlatforms) = postSolution
		{EB7ACD87-2A6F-4352-81D4-A3D0666DF7D7}.Debug|Any CPU.ActiveCfg = Debug|Any CPU
		{EB7ACD87-2A6F-4352-81D4-A3D0666DF7D7}.Debug|Any CPU.Build.0 = Debug|Any CPU
		{EB7ACD87-2A6F-4352-81D4-A3D0666DF7D7}.Release|Any CPU.ActiveCfg = Release|Any CPU
		{EB7ACD87-2A6F-4352-81D4-A3D0666DF7D7}.Release|Any CPU.Build.0 = Release|Any CPU
		{89B1CAA6-329B-41C5-B846-F941D0BFA002}.Debug|Any CPU.ActiveCfg = Debug|Any CPU
		{89B1CAA6-329B-41C5-B846-F941D0BFA002}.Debug|Any CPU.Build.0 = Debug|Any CPU
		{89B1CAA6-329B-41C5-B846-F941D0BFA002}.Release|Any CPU.ActiveCfg = Release|Any CPU
		{89B1CAA6-329B-41C5-B846-F941D0BFA002}.Release|Any CPU.Build.0 = Release|Any CPU
		{2B3A7CB5-C0BA-48C7-BB64-9621F1D4E0A6}.Debug|Any CPU.ActiveCfg = Debug|Any CPU
		{2B3A7CB5-C0BA-48C7-BB64-9621F1D4E0A6}.Debug|Any CPU.Build.0 = Debug|Any CPU
		{2B3A7CB5-C0BA-48C7-BB64-9621F1D4E0A6}.Release|Any CPU.ActiveCfg = Release|Any CPU
		{2B3A7CB5-C0BA-48C7-BB64-9621F1D4E0A6}.Release|Any CPU.Build.0 = Release|Any CPU
		{45F054C3-DF3A-46B1-A009-9BE4BC50AEFD}.Debug|Any CPU.ActiveCfg = Debug|Any CPU
		{45F054C3-DF3A-46B1-A009-9BE4BC50AEFD}.Debug|Any CPU.Build.0 = Debug|Any CPU
		{45F054C3-DF3A-46B1-A009-9BE4BC50AEFD}.Debug|Any CPU.Deploy.0 = Debug|Any CPU
		{45F054C3-DF3A-46B1-A009-9BE4BC50AEFD}.Release|Any CPU.ActiveCfg = Release|Any CPU
		{45F054C3-DF3A-46B1-A009-9BE4BC50AEFD}.Release|Any CPU.Build.0 = Release|Any CPU
		{F81383B5-069F-41A7-9BA6-0B461D0026C4}.Debug|Any CPU.ActiveCfg = Debug|Any CPU
		{F81383B5-069F-41A7-9BA6-0B461D0026C4}.Debug|Any CPU.Build.0 = Debug|Any CPU
		{F81383B5-069F-41A7-9BA6-0B461D0026C4}.Release|Any CPU.ActiveCfg = Release|Any CPU
		{F81383B5-069F-41A7-9BA6-0B461D0026C4}.Release|Any CPU.Build.0 = Release|Any CPU
	EndGlobalSection
	GlobalSection(SolutionProperties) = preSolution
		HideSolutionNode = FALSE
	EndGlobalSection
	GlobalSection(ExtensibilityGlobals) = postSolution
		SolutionGuid = {95B2989F-62E9-4EB8-BBA2-F43C29C63E5E}
	EndGlobalSection
EndGlobal
